// !$*UTF8*$!
{
	archiveVersion = 1;
	classes = {
	};
	objectVersion = 50;
	objects = {

/* Begin PBXBuildFile section */
		69DAA3B7E80F48FC0C78BBD6 /* Pods_RXSwiftMVVM.framework in Frameworks */ = {isa = PBXBuildFile; fileRef = 523D17CFE266D06386BD2FE7 /* Pods_RXSwiftMVVM.framework */; };
		DCA3FC5223937767001C7093 /* AppDelegate.swift in Sources */ = {isa = PBXBuildFile; fileRef = DCA3FC5123937767001C7093 /* AppDelegate.swift */; };
		DCA3FC5423937767001C7093 /* SceneDelegate.swift in Sources */ = {isa = PBXBuildFile; fileRef = DCA3FC5323937767001C7093 /* SceneDelegate.swift */; };
		DCA3FC5623937767001C7093 /* ViewController.swift in Sources */ = {isa = PBXBuildFile; fileRef = DCA3FC5523937767001C7093 /* ViewController.swift */; };
		DCA3FC5923937767001C7093 /* Main.storyboard in Resources */ = {isa = PBXBuildFile; fileRef = DCA3FC5723937767001C7093 /* Main.storyboard */; };
		DCA3FC5B23937768001C7093 /* Assets.xcassets in Resources */ = {isa = PBXBuildFile; fileRef = DCA3FC5A23937768001C7093 /* Assets.xcassets */; };
		DCA3FC5E23937768001C7093 /* LaunchScreen.storyboard in Resources */ = {isa = PBXBuildFile; fileRef = DCA3FC5C23937768001C7093 /* LaunchScreen.storyboard */; };
/* End PBXBuildFile section */

/* Begin PBXFileReference section */
		11C31A4E116D517532B98DAD /* Pods-RXSwiftMVVM.debug.xcconfig */ = {isa = PBXFileReference; includeInIndex = 1; lastKnownFileType = text.xcconfig; name = "Pods-RXSwiftMVVM.debug.xcconfig"; path = "Target Support Files/Pods-RXSwiftMVVM/Pods-RXSwiftMVVM.debug.xcconfig"; sourceTree = "<group>"; };
		523D17CFE266D06386BD2FE7 /* Pods_RXSwiftMVVM.framework */ = {isa = PBXFileReference; explicitFileType = wrapper.framework; includeInIndex = 0; path = Pods_RXSwiftMVVM.framework; sourceTree = BUILT_PRODUCTS_DIR; };
		CC727EBEE67B02DDECBE09AE /* Pods-RXSwiftMVVM.release.xcconfig */ = {isa = PBXFileReference; includeInIndex = 1; lastKnownFileType = text.xcconfig; name = "Pods-RXSwiftMVVM.release.xcconfig"; path = "Target Support Files/Pods-RXSwiftMVVM/Pods-RXSwiftMVVM.release.xcconfig"; sourceTree = "<group>"; };
		DCA3FC4E23937767001C7093 /* RXSwiftMVVM.app */ = {isa = PBXFileReference; explicitFileType = wrapper.application; includeInIndex = 0; path = RXSwiftMVVM.app; sourceTree = BUILT_PRODUCTS_DIR; };
		DCA3FC5123937767001C7093 /* AppDelegate.swift */ = {isa = PBXFileReference; lastKnownFileType = sourcecode.swift; path = AppDelegate.swift; sourceTree = "<group>"; };
		DCA3FC5323937767001C7093 /* SceneDelegate.swift */ = {isa = PBXFileReference; lastKnownFileType = sourcecode.swift; path = SceneDelegate.swift; sourceTree = "<group>"; };
		DCA3FC5523937767001C7093 /* ViewController.swift */ = {isa = PBXFileReference; lastKnownFileType = sourcecode.swift; path = ViewController.swift; sourceTree = "<group>"; };
		DCA3FC5823937767001C7093 /* Base */ = {isa = PBXFileReference; lastKnownFileType = file.storyboard; name = Base; path = Base.lproj/Main.storyboard; sourceTree = "<group>"; };
		DCA3FC5A23937768001C7093 /* Assets.xcassets */ = {isa = PBXFileReference; lastKnownFileType = folder.assetcatalog; path = Assets.xcassets; sourceTree = "<group>"; };
		DCA3FC5D23937768001C7093 /* Base */ = {isa = PBXFileReference; lastKnownFileType = file.storyboard; name = Base; path = Base.lproj/LaunchScreen.storyboard; sourceTree = "<group>"; };
		DCA3FC5F23937768001C7093 /* Info.plist */ = {isa = PBXFileReference; lastKnownFileType = text.plist.xml; path = Info.plist; sourceTree = "<group>"; };
/* End PBXFileReference section */

/* Begin PBXFrameworksBuildPhase section */
		DCA3FC4B23937767001C7093 /* Frameworks */ = {
			isa = PBXFrameworksBuildPhase;
			buildActionMask = 2147483647;
			files = (
				69DAA3B7E80F48FC0C78BBD6 /* Pods_RXSwiftMVVM.framework in Frameworks */,
			);
			runOnlyForDeploymentPostprocessing = 0;
		};
/* End PBXFrameworksBuildPhase section */

/* Begin PBXGroup section */
		2005EFABA89765C8C7FBA1D4 /* Pods */ = {
			isa = PBXGroup;
			children = (
				11C31A4E116D517532B98DAD /* Pods-RXSwiftMVVM.debug.xcconfig */,
				CC727EBEE67B02DDECBE09AE /* Pods-RXSwiftMVVM.release.xcconfig */,
			);
			name = Pods;
			path = Pods;
			sourceTree = "<group>";
		};
		DCA3FC4523937767001C7093 = {
			isa = PBXGroup;
			children = (
				DCA3FC5023937767001C7093 /* RXSwiftMVVM */,
				DCA3FC4F23937767001C7093 /* Products */,
				2005EFABA89765C8C7FBA1D4 /* Pods */,
				FDE526F2638B8E9A75900AB6 /* Frameworks */,
			);
			sourceTree = "<group>";
		};
		DCA3FC4F23937767001C7093 /* Products */ = {
			isa = PBXGroup;
			children = (
				DCA3FC4E23937767001C7093 /* RXSwiftMVVM.app */,
			);
			name = Products;
			sourceTree = "<group>";
		};
		DCA3FC5023937767001C7093 /* RXSwiftMVVM */ = {
			isa = PBXGroup;
			children = (
				DCA3FC5123937767001C7093 /* AppDelegate.swift */,
				DCA3FC5323937767001C7093 /* SceneDelegate.swift */,
				DCA3FC5523937767001C7093 /* ViewController.swift */,
				DCA3FC5723937767001C7093 /* Main.storyboard */,
				DCA3FC5A23937768001C7093 /* Assets.xcassets */,
				DCA3FC5C23937768001C7093 /* LaunchScreen.storyboard */,
				DCA3FC5F23937768001C7093 /* Info.plist */,
			);
			path = RXSwiftMVVM;
			sourceTree = "<group>";
		};
		FDE526F2638B8E9A75900AB6 /* Frameworks */ = {
			isa = PBXGroup;
			children = (
				523D17CFE266D06386BD2FE7 /* Pods_RXSwiftMVVM.framework */,
			);
			name = Frameworks;
			sourceTree = "<group>";
		};
/* End PBXGroup section */

/* Begin PBXNativeTarget section */
		DCA3FC4D23937767001C7093 /* RXSwiftMVVM */ = {
			isa = PBXNativeTarget;
			buildConfigurationList = DCA3FC6223937768001C7093 /* Build configuration list for PBXNativeTarget "RXSwiftMVVM" */;
			buildPhases = (
				B1B6EA893A33EBF3E6E83528 /* [CP] Check Pods Manifest.lock */,
				DCA3FC4A23937767001C7093 /* Sources */,
				DCA3FC4B23937767001C7093 /* Frameworks */,
				DCA3FC4C23937767001C7093 /* Resources */,
				DD6DFEC50CFEEF5D6D5EF668 /* [CP] Embed Pods Frameworks */,
			);
			buildRules = (
			);
			dependencies = (
			);
			name = RXSwiftMVVM;
			productName = RXSwiftMVVM;
			productReference = DCA3FC4E23937767001C7093 /* RXSwiftMVVM.app */;
			productType = "com.apple.product-type.application";
		};
/* End PBXNativeTarget section */

/* Begin PBXProject section */
		DCA3FC4623937767001C7093 /* Project object */ = {
			isa = PBXProject;
			attributes = {
				LastSwiftUpdateCheck = 1120;
				LastUpgradeCheck = 1120;
				ORGANIZATIONNAME = Jamil;
				TargetAttributes = {
					DCA3FC4D23937767001C7093 = {
						CreatedOnToolsVersion = 11.2;
					};
				};
			};
			buildConfigurationList = DCA3FC4923937767001C7093 /* Build configuration list for PBXProject "RXSwiftMVVM" */;
			compatibilityVersion = "Xcode 9.3";
			developmentRegion = en;
			hasScannedForEncodings = 0;
			knownRegions = (
				en,
				Base,
			);
			mainGroup = DCA3FC4523937767001C7093;
			productRefGroup = DCA3FC4F23937767001C7093 /* Products */;
			projectDirPath = "";
			projectRoot = "";
			targets = (
				DCA3FC4D23937767001C7093 /* RXSwiftMVVM */,
			);
		};
/* End PBXProject section */

/* Begin PBXResourcesBuildPhase section */
		DCA3FC4C23937767001C7093 /* Resources */ = {
			isa = PBXResourcesBuildPhase;
			buildActionMask = 2147483647;
			files = (
				DCA3FC5E23937768001C7093 /* LaunchScreen.storyboard in Resources */,
				DCA3FC5B23937768001C7093 /* Assets.xcassets in Resources */,
				DCA3FC5923937767001C7093 /* Main.storyboard in Resources */,
			);
			runOnlyForDeploymentPostprocessing = 0;
		};
/* End PBXResourcesBuildPhase section */

/* Begin PBXShellScriptBuildPhase section */
		B1B6EA893A33EBF3E6E83528 /* [CP] Check Pods Manifest.lock */ = {
			isa = PBXShellScriptBuildPhase;
			buildActionMask = 2147483647;
			files = (
			);
			inputFileListPaths = (
			);
			inputPaths = (
				"${PODS_PODFILE_DIR_PATH}/Podfile.lock",
				"${PODS_ROOT}/Manifest.lock",
			);
			name = "[CP] Check Pods Manifest.lock";
			outputFileListPaths = (
			);
			outputPaths = (
				"$(DERIVED_FILE_DIR)/Pods-RXSwiftMVVM-checkManifestLockResult.txt",
			);
			runOnlyForDeploymentPostprocessing = 0;
			shellPath = /bin/sh;
			shellScript = "diff \"${PODS_PODFILE_DIR_PATH}/Podfile.lock\" \"${PODS_ROOT}/Manifest.lock\" > /dev/null\nif [ $? != 0 ] ; then\n    # print error to STDERR\n    echo \"error: The sandbox is not in sync with the Podfile.lock. Run 'pod install' or update your CocoaPods installation.\" >&2\n    exit 1\nfi\n# This output is used by Xcode 'outputs' to avoid re-running this script phase.\necho \"SUCCESS\" > \"${SCRIPT_OUTPUT_FILE_0}\"\n";
			showEnvVarsInLog = 0;
		};
		DD6DFEC50CFEEF5D6D5EF668 /* [CP] Embed Pods Frameworks */ = {
			isa = PBXShellScriptBuildPhase;
			buildActionMask = 2147483647;
			files = (
			);
			inputFileListPaths = (
				"${PODS_ROOT}/Target Support Files/Pods-RXSwiftMVVM/Pods-RXSwiftMVVM-frameworks-${CONFIGURATION}-input-files.xcfilelist",
			);
			name = "[CP] Embed Pods Frameworks";
			outputFileListPaths = (
				"${PODS_ROOT}/Target Support Files/Pods-RXSwiftMVVM/Pods-RXSwiftMVVM-frameworks-${CONFIGURATION}-output-files.xcfilelist",
			);
			runOnlyForDeploymentPostprocessing = 0;
			shellPath = /bin/sh;
			shellScript = "\"${PODS_ROOT}/Target Support Files/Pods-RXSwiftMVVM/Pods-RXSwiftMVVM-frameworks.sh\"\n";
			showEnvVarsInLog = 0;
		};
/* End PBXShellScriptBuildPhase section */

/* Begin PBXSourcesBuildPhase section */
		DCA3FC4A23937767001C7093 /* Sources */ = {
			isa = PBXSourcesBuildPhase;
			buildActionMask = 2147483647;
			files = (
				DCA3FC5623937767001C7093 /* ViewController.swift in Sources */,
				DCA3FC5223937767001C7093 /* AppDelegate.swift in Sources */,
				DCA3FC5423937767001C7093 /* SceneDelegate.swift in Sources */,
			);
			runOnlyForDeploymentPostprocessing = 0;
		};
/* End PBXSourcesBuildPhase section */

/* Begin PBXVariantGroup section */
		DCA3FC5723937767001C7093 /* Main.storyboard */ = {
			isa = PBXVariantGroup;
			children = (
				DCA3FC5823937767001C7093 /* Base */,
			);
			name = Main.storyboard;
			sourceTree = "<group>";
		};
		DCA3FC5C23937768001C7093 /* LaunchScreen.storyboard */ = {
			isa = PBXVariantGroup;
			children = (
				DCA3FC5D23937768001C7093 /* Base */,
			);
			name = LaunchScreen.storyboard;
			sourceTree = "<group>";
		};
/* End PBXVariantGroup section */

/* Begin XCBuildConfiguration section */
		DCA3FC6023937768001C7093 /* Debug */ = {
			isa = XCBuildConfiguration;
			buildSettings = {
				ALWAYS_SEARCH_USER_PATHS = NO;
				CLANG_ANALYZER_NONNULL = YES;
				CLANG_ANALYZER_NUMBER_OBJECT_CONVERSION = YES_AGGRESSIVE;
				CLANG_CXX_LANGUAGE_STANDARD = "gnu++14";
				CLANG_CXX_LIBRARY = "libc++";
				CLANG_ENABLE_MODULES = YES;
				CLANG_ENABLE_OBJC_ARC = YES;
				CLANG_ENABLE_OBJC_WEAK = YES;
				CLANG_WARN_BLOCK_CAPTURE_AUTORELEASING = YES;
				CLANG_WARN_BOOL_CONVERSION = YES;
				CLANG_WARN_COMMA = YES;
				CLANG_WARN_CONSTANT_CONVERSION = YES;
				CLANG_WARN_DEPRECATED_OBJC_IMPLEMENTATIONS = YES;
				CLANG_WARN_DIRECT_OBJC_ISA_USAGE = YES_ERROR;
				CLANG_WARN_DOCUMENTATION_COMMENTS = YES;
				CLANG_WARN_EMPTY_BODY = YES;
				CLANG_WARN_ENUM_CONVERSION = YES;
				CLANG_WARN_INFINITE_RECURSION = YES;
				CLANG_WARN_INT_CONVERSION = YES;
				CLANG_WARN_NON_LITERAL_NULL_CONVERSION = YES;
				CLANG_WARN_OBJC_IMPLICIT_RETAIN_SELF = YES;
				CLANG_WARN_OBJC_LITERAL_CONVERSION = YES;
				CLANG_WARN_OBJC_ROOT_CLASS = YES_ERROR;
				CLANG_WARN_RANGE_LOOP_ANALYSIS = YES;
				CLANG_WARN_STRICT_PROTOTYPES = YES;
				CLANG_WARN_SUSPICIOUS_MOVE = YES;
				CLANG_WARN_UNGUARDED_AVAILABILITY = YES_AGGRESSIVE;
				CLANG_WARN_UNREACHABLE_CODE = YES;
				CLANG_WARN__DUPLICATE_METHOD_MATCH = YES;
				COPY_PHASE_STRIP = NO;
				DEBUG_INFORMATION_FORMAT = dwarf;
				ENABLE_STRICT_OBJC_MSGSEND = YES;
				ENABLE_TESTABILITY = YES;
				GCC_C_LANGUAGE_STANDARD = gnu11;
				GCC_DYNAMIC_NO_PIC = NO;
				GCC_NO_COMMON_BLOCKS = YES;
				GCC_OPTIMIZATION_LEVEL = 0;
				GCC_PREPROCESSOR_DEFINITIONS = (
					"DEBUG=1",
					"$(inherited)",
				);
				GCC_WARN_64_TO_32_BIT_CONVERSION = YES;
				GCC_WARN_ABOUT_RETURN_TYPE = YES_ERROR;
				GCC_WARN_UNDECLARED_SELECTOR = YES;
				GCC_WARN_UNINITIALIZED_AUTOS = YES_AGGRESSIVE;
				GCC_WARN_UNUSED_FUNCTION = YES;
				GCC_WARN_UNUSED_VARIABLE = YES;
				IPHONEOS_DEPLOYMENT_TARGET = 13.2;
				MTL_ENABLE_DEBUG_INFO = INCLUDE_SOURCE;
				MTL_FAST_MATH = YES;
				ONLY_ACTIVE_ARCH = YES;
				SDKROOT = iphoneos;
				SWIFT_ACTIVE_COMPILATION_CONDITIONS = DEBUG;
				SWIFT_OPTIMIZATION_LEVEL = "-Onone";
			};
			name = Debug;
		};
		DCA3FC6123937768001C7093 /* Release */ = {
			isa = XCBuildConfiguration;
			buildSettings = {
				ALWAYS_SEARCH_USER_PATHS = NO;
				CLANG_ANALYZER_NONNULL = YES;
				CLANG_ANALYZER_NUMBER_OBJECT_CONVERSION = YES_AGGRESSIVE;
				CLANG_CXX_LANGUAGE_STANDARD = "gnu++14";
				CLANG_CXX_LIBRARY = "libc++";
				CLANG_ENABLE_MODULES = YES;
				CLANG_ENABLE_OBJC_ARC = YES;
				CLANG_ENABLE_OBJC_WEAK = YES;
				CLANG_WARN_BLOCK_CAPTURE_AUTORELEASING = YES;
				CLANG_WARN_BOOL_CONVERSION = YES;
				CLANG_WARN_COMMA = YES;
				CLANG_WARN_CONSTANT_CONVERSION = YES;
				CLANG_WARN_DEPRECATED_OBJC_IMPLEMENTATIONS = YES;
				CLANG_WARN_DIRECT_OBJC_ISA_USAGE = YES_ERROR;
				CLANG_WARN_DOCUMENTATION_COMMENTS = YES;
				CLANG_WARN_EMPTY_BODY = YES;
				CLANG_WARN_ENUM_CONVERSION = YES;
				CLANG_WARN_INFINITE_RECURSION = YES;
				CLANG_WARN_INT_CONVERSION = YES;
				CLANG_WARN_NON_LITERAL_NULL_CONVERSION = YES;
				CLANG_WARN_OBJC_IMPLICIT_RETAIN_SELF = YES;
				CLANG_WARN_OBJC_LITERAL_CONVERSION = YES;
				CLANG_WARN_OBJC_ROOT_CLASS = YES_ERROR;
				CLANG_WARN_RANGE_LOOP_ANALYSIS = YES;
				CLANG_WARN_STRICT_PROTOTYPES = YES;
				CLANG_WARN_SUSPICIOUS_MOVE = YES;
				CLANG_WARN_UNGUARDED_AVAILABILITY = YES_AGGRESSIVE;
				CLANG_WARN_UNREACHABLE_CODE = YES;
				CLANG_WARN__DUPLICATE_METHOD_MATCH = YES;
				COPY_PHASE_STRIP = NO;
				DEBUG_INFORMATION_FORMAT = "dwarf-with-dsym";
				ENABLE_NS_ASSERTIONS = NO;
				ENABLE_STRICT_OBJC_MSGSEND = YES;
				GCC_C_LANGUAGE_STANDARD = gnu11;
				GCC_NO_COMMON_BLOCKS = YES;
				GCC_WARN_64_TO_32_BIT_CONVERSION = YES;
				GCC_WARN_ABOUT_RETURN_TYPE = YES_ERROR;
				GCC_WARN_UNDECLARED_SELECTOR = YES;
				GCC_WARN_UNINITIALIZED_AUTOS = YES_AGGRESSIVE;
				GCC_WARN_UNUSED_FUNCTION = YES;
				GCC_WARN_UNUSED_VARIABLE = YES;
				IPHONEOS_DEPLOYMENT_TARGET = 13.2;
				MTL_ENABLE_DEBUG_INFO = NO;
				MTL_FAST_MATH = YES;
				SDKROOT = iphoneos;
				SWIFT_COMPILATION_MODE = wholemodule;
				SWIFT_OPTIMIZATION_LEVEL = "-O";
				VALIDATE_PRODUCT = YES;
			};
			name = Release;
		};
		DCA3FC6323937768001C7093 /* Debug */ = {
			isa = XCBuildConfiguration;
			baseConfigurationReference = 11C31A4E116D517532B98DAD /* Pods-RXSwiftMVVM.debug.xcconfig */;
			buildSettings = {
				ASSETCATALOG_COMPILER_APPICON_NAME = AppIcon;
				CODE_SIGN_STYLE = Automatic;
				INFOPLIST_FILE = RXSwiftMVVM/Info.plist;
				LD_RUNPATH_SEARCH_PATHS = (
					"$(inherited)",
					"@executable_path/Frameworks",
				);
				PRODUCT_BUNDLE_IDENTIFIER = Jamil.RXSwiftMVVM;
				PRODUCT_NAME = "$(TARGET_NAME)";
				SWIFT_VERSION = 5.0;
				TARGETED_DEVICE_FAMILY = "1,2";
			};
			name = Debug;
		};
		DCA3FC6423937768001C7093 /* Release */ = {
			isa = XCBuildConfiguration;
			baseConfigurationReference = CC727EBEE67B02DDECBE09AE /* Pods-RXSwiftMVVM.release.xcconfig */;
			buildSettings = {
				ASSETCATALOG_COMPILER_APPICON_NAME = AppIcon;
				CODE_SIGN_STYLE = Automatic;
				INFOPLIST_FILE = RXSwiftMVVM/Info.plist;
				LD_RUNPATH_SEARCH_PATHS = (
					"$(inherited)",
					"@executable_path/Frameworks",
				);
				PRODUCT_BUNDLE_IDENTIFIER = Jamil.RXSwiftMVVM;
				PRODUCT_NAME = "$(TARGET_NAME)";
				SWIFT_VERSION = 5.0;
				TARGETED_DEVICE_FAMILY = "1,2";
			};
			name = Release;
		};
/* End XCBuildConfiguration section */

/* Begin XCConfigurationList section */
		DCA3FC4923937767001C7093 /* Build configuration list for PBXProject "RXSwiftMVVM" */ = {
			isa = XCConfigurationList;
			buildConfigurations = (
				DCA3FC6023937768001C7093 /* Debug */,
				DCA3FC6123937768001C7093 /* Release */,
			);
			defaultConfigurationIsVisible = 0;
			defaultConfigurationName = Release;
		};
		DCA3FC6223937768001C7093 /* Build configuration list for PBXNativeTarget "RXSwiftMVVM" */ = {
			isa = XCConfigurationList;
			buildConfigurations = (
				DCA3FC6323937768001C7093 /* Debug */,
				DCA3FC6423937768001C7093 /* Release */,
			);
			defaultConfigurationIsVisible = 0;
			defaultConfigurationName = Release;
		};
/* End XCConfigurationList section */
	};
	rootObject = DCA3FC4623937767001C7093 /* Project object */;
}
